{
  "name": "@fabric-ds/core",
  "version": "0.0.15",
  "lockfileVersion": 2,
  "requires": true,
  "packages": {
    "": {
      "name": "@fabric-ds/core",
      "version": "0.0.15",
      "license": "MIT",
      "dependencies": {
        "@floating-ui/dom": "^0.5.0"
      },
      "devDependencies": {
        "typescript": "^4.7.4"
      }
    },
    "node_modules/@floating-ui/core": {
      "version": "0.7.0",
      "resolved": "https://registry.npmjs.org/@floating-ui/core/-/core-0.7.0.tgz",
      "integrity": "sha512-W7+i5Suhhvv97WDTW//KqUA43f/2a4abprM1rWqtLM9lIlJ29tbFI8h232SvqunXon0WmKNEKVjbOsgBhTnbLw=="
    },
    "node_modules/@floating-ui/dom": {
      "version": "0.5.0",
      "resolved": "https://registry.npmjs.org/@floating-ui/dom/-/dom-0.5.0.tgz",
      "integrity": "sha512-PS75dnMg4GdWjDFOiOs15cDzYJpukRNHqQn0ugrBlsrpk2n+y8bwZ24XrsdLSL7kxshmxxr2nTNycLnmRIvV7g==",
      "dependencies": {
        "@floating-ui/core": "^0.7.0"
      }
    },
    "node_modules/typescript": {
      "version": "4.7.4",
      "resolved": "https://registry.npmjs.org/typescript/-/typescript-4.7.4.tgz",
      "integrity": "sha512-C0WQT0gezHuw6AdY1M2jxUO83Rjf0HP7Sk1DtXj6j1EwkQNZrHAg2XPWlq62oqEhYvONq5pkC2Y9oPljWToLmQ==",
      "dev": true,
      "bin": {
        "tsc": "bin/tsc",
        "tsserver": "bin/tsserver"
      },
      "engines": {
        "node": ">=4.2.0"
      }
    }
  },
  "dependencies": {
    "@floating-ui/core": {
      "version": "0.7.0",
      "resolved": "https://registry.npmjs.org/@floating-ui/core/-/core-0.7.0.tgz",
      "integrity": "sha512-W7+i5Suhhvv97WDTW//KqUA43f/2a4abprM1rWqtLM9lIlJ29tbFI8h232SvqunXon0WmKNEKVjbOsgBhTnbLw=="
    },
    "@floating-ui/dom": {
      "version": "0.5.0",
      "resolved": "https://registry.npmjs.org/@floating-ui/dom/-/dom-0.5.0.tgz",
      "integrity": "sha512-PS75dnMg4GdWjDFOiOs15cDzYJpukRNHqQn0ugrBlsrpk2n+y8bwZ24XrsdLSL7kxshmxxr2nTNycLnmRIvV7g==",
      "requires": {
        "@floating-ui/core": "^0.7.0"
      }
    },
    "typescript": {
      "version": "4.7.4",
      "resolved": "https://registry.npmjs.org/typescript/-/typescript-4.7.4.tgz",
      "integrity": "sha512-C0WQT0gezHuw6AdY1M2jxUO83Rjf0HP7Sk1DtXj6j1EwkQNZrHAg2XPWlq62oqEhYvONq5pkC2Y9oPljWToLmQ==",
      "dev": true
    }
  }
}
